<?xml version="1.0" encoding="utf-8"?>
<Project ToolsVersion="4.0" xmlns="http://schemas.microsoft.com/developer/msbuild/2003">
  <ItemGroup>
    <Filter Include="Terrain">
      <UniqueIdentifier>{b68870af-9491-4944-afa4-47d1ebfb56c3}</UniqueIdentifier>
    </Filter>
    <Filter Include="Paging">
      <UniqueIdentifier>{f5f58b39-ee6e-4bc7-aa17-8c65d6d38ef8}</UniqueIdentifier>
    </Filter>
    <Filter Include="Paging\Header Files">
      <UniqueIdentifier>{1535256f-7b24-4e8e-9a34-adede8e7d459}</UniqueIdentifier>
    </Filter>
    <Filter Include="Paging\Source Files">
      <UniqueIdentifier>{9eab3613-16f5-4492-af6e-2928369abc77}</UniqueIdentifier>
    </Filter>
    <Filter Include="Terrain\Header Files">
      <UniqueIdentifier>{fa063e9e-8666-4333-a8b0-2f023ceb6bda}</UniqueIdentifier>
    </Filter>
    <Filter Include="Terrain\Source Files">
      <UniqueIdentifier>{6be0cc5e-ded4-498e-ab9f-a5f91db59b33}</UniqueIdentifier>
    </Filter>
    <Filter Include="OgreMain">
      <UniqueIdentifier>{f1662afe-f822-454a-8397-bf2efed42ea8}</UniqueIdentifier>
    </Filter>
    <Filter Include="OgreMain\Source Files">
      <UniqueIdentifier>{4FC737F1-C7A5-4376-A066-2A32D752A2FF}</UniqueIdentifier>
      <Extensions>cpp;c;cc;cxx;def;odl;idl;hpj;bat;asm;asmx</Extensions>
    </Filter>
    <Filter Include="OgreMain\Header Files">
      <UniqueIdentifier>{93995380-89BD-4b04-88EB-625FBE52EBFB}</UniqueIdentifier>
      <Extensions>h;hpp;hxx;hm;inl;inc;xsd</Extensions>
    </Filter>
    <Filter Include="Wrapper">
      <UniqueIdentifier>{482b0bae-a86e-4e65-9654-ae8a38590b2a}</UniqueIdentifier>
    </Filter>
    <Filter Include="Wrapper\Header Files">
      <UniqueIdentifier>{0bc0dc7a-29d7-4e11-9ac8-a4b27262e877}</UniqueIdentifier>
    </Filter>
    <Filter Include="Wrapper\Source Files">
      <UniqueIdentifier>{74a4ce7f-aa1d-4ca3-920f-6cbf14d17fb1}</UniqueIdentifier>
    </Filter>
    <Filter Include="Custom">
      <UniqueIdentifier>{42d66226-101c-41ad-95cc-829bf7911a63}</UniqueIdentifier>
    </Filter>
    <Filter Include="Custom\Header Files">
      <UniqueIdentifier>{fc8d7305-7616-484c-a662-05fb04a62f9f}</UniqueIdentifier>
    </Filter>
    <Filter Include="Custom\Source Files">
      <UniqueIdentifier>{e331af0b-467a-4fe5-a1c2-0db97c5df4a9}</UniqueIdentifier>
    </Filter>
  </ItemGroup>
  <ItemGroup>
    <ClCompile Include="src\auto\MogreTerrainQuadTreeNode.cpp">
      <Filter>Terrain\Source Files</Filter>
    </ClCompile>
    <ClCompile Include="src\auto\MogreTerrain.cpp">
      <Filter>Terrain\Source Files</Filter>
    </ClCompile>
    <ClCompile Include="src\auto\MogreTerrainGroup.cpp">
      <Filter>Terrain\Source Files</Filter>
    </ClCompile>
    <ClCompile Include="src\auto\MogreTerrainLayerBlendMap.cpp">
      <Filter>Terrain\Source Files</Filter>
    </ClCompile>
    <ClCompile Include="src\auto\MogreTerrainMaterialGenerator.cpp">
      <Filter>Terrain\Source Files</Filter>
    </ClCompile>
    <ClCompile Include="src\auto\MogreTerrainMaterialGeneratorA.cpp">
      <Filter>Terrain\Source Files</Filter>
    </ClCompile>
    <ClCompile Include="src\auto\MogreTerrainPagedWorldSection.cpp">
      <Filter>Terrain\Source Files</Filter>
    </ClCompile>
    <ClCompile Include="src\auto\MogreTerrainPaging.cpp">
      <Filter>Terrain\Source Files</Filter>
    </ClCompile>
    <ClCompile Include="src\auto\MogreSimplePageContentCollection.cpp">
      <Filter>Paging\Source Files</Filter>
    </ClCompile>
    <ClCompile Include="src\auto\MogreGrid2DPageStrategy.cpp">
      <Filter>Paging\Source Files</Filter>
    </ClCompile>
    <ClCompile Include="src\auto\MogrePage.cpp">
      <Filter>Paging\Source Files</Filter>
    </ClCompile>
    <ClCompile Include="src\auto\MogrePageContent.cpp">
      <Filter>Paging\Source Files</Filter>
    </ClCompile>
    <ClCompile Include="src\auto\MogrePageContentCollection.cpp">
      <Filter>Paging\Source Files</Filter>
    </ClCompile>
    <ClCompile Include="src\auto\MogrePageContentCollectionFactory.cpp">
      <Filter>Paging\Source Files</Filter>
    </ClCompile>
    <ClCompile Include="src\auto\MogrePageContentFactory.cpp">
      <Filter>Paging\Source Files</Filter>
    </ClCompile>
    <ClCompile Include="src\auto\MogrePagedWorld.cpp">
      <Filter>Paging\Source Files</Filter>
    </ClCompile>
    <ClCompile Include="src\auto\MogrePagedWorldSection.cpp">
      <Filter>Paging\Source Files</Filter>
    </ClCompile>
    <ClCompile Include="src\auto\MogrePageManager.cpp">
      <Filter>Paging\Source Files</Filter>
    </ClCompile>
    <ClCompile Include="src\auto\MogrePageStrategy.cpp">
      <Filter>Paging\Source Files</Filter>
    </ClCompile>
    <ClCompile Include="src\Custom\ManagedDataStream.cpp">
      <Filter>Custom\Source Files</Filter>
    </ClCompile>
    <ClCompile Include="src\Custom\MogreBox.cpp">
      <Filter>Custom\Source Files</Filter>
    </ClCompile>
    <ClCompile Include="src\Custom\MogreColourValue.cpp">
      <Filter>Custom\Source Files</Filter>
    </ClCompile>
    <ClCompile Include="src\Custom\MogreCustomPlane.cpp">
      <Filter>Custom\Source Files</Filter>
    </ClCompile>
    <ClCompile Include="src\Custom\MogreMath.cpp">
      <Filter>Custom\Source Files</Filter>
    </ClCompile>
    <ClCompile Include="src\Custom\MogreMatrix3.cpp">
      <Filter>Custom\Source Files</Filter>
    </ClCompile>
    <ClCompile Include="src\Custom\MogreMatrix4.cpp">
      <Filter>Custom\Source Files</Filter>
    </ClCompile>
    <ClCompile Include="src\Custom\MogreParamCommand.cpp">
      <Filter>Custom\Source Files</Filter>
    </ClCompile>
    <ClCompile Include="src\Custom\MogreQuaternion.cpp">
      <Filter>Custom\Source Files</Filter>
    </ClCompile>
    <ClCompile Include="src\Custom\MogreVector3.cpp">
      <Filter>Custom\Source Files</Filter>
    </ClCompile>
    <ClCompile Include="src\Custom\MogreVertexElement.cpp">
      <Filter>Custom\Source Files</Filter>
    </ClCompile>
    <ClCompile Include="src\Marshalling.cpp">
      <Filter>Wrapper\Source Files</Filter>
    </ClCompile>
    <ClCompile Include="src\MogrePrecompiledHeaders.cpp">
      <Filter>Wrapper\Source Files</Filter>
    </ClCompile>
    <ClCompile Include="src\SubclassingManager.cpp">
      <Filter>Wrapper\Source Files</Filter>
    </ClCompile>
    <ClCompile Include="src\Wrapper.cpp">
      <Filter>Wrapper\Source Files</Filter>
    </ClCompile>
    <ClCompile Include="src\auto\MogreAnimable.cpp">
      <Filter>OgreMain\Source Files</Filter>
    </ClCompile>
    <ClCompile Include="src\auto\MogreAnimation.cpp">
      <Filter>OgreMain\Source Files</Filter>
    </ClCompile>
    <ClCompile Include="src\auto\MogreAnimationState.cpp">
      <Filter>OgreMain\Source Files</Filter>
    </ClCompile>
    <ClCompile Include="src\auto\MogreAnimationTrack.cpp">
      <Filter>OgreMain\Source Files</Filter>
    </ClCompile>
    <ClCompile Include="src\auto\MogreArchive.cpp">
      <Filter>OgreMain\Source Files</Filter>
    </ClCompile>
    <ClCompile Include="src\auto\MogreArchiveManager.cpp">
      <Filter>OgreMain\Source Files</Filter>
    </ClCompile>
    <ClCompile Include="src\auto\MogreBillboard.cpp">
      <Filter>OgreMain\Source Files</Filter>
    </ClCompile>
    <ClCompile Include="src\auto\MogreBillboardChain.cpp">
      <Filter>OgreMain\Source Files</Filter>
    </ClCompile>
    <ClCompile Include="src\auto\MogreBillboardParticleRenderer.cpp">
      <Filter>OgreMain\Source Files</Filter>
    </ClCompile>
    <ClCompile Include="src\auto\MogreBillboardSet.cpp">
      <Filter>OgreMain\Source Files</Filter>
    </ClCompile>
    <ClCompile Include="src\auto\MogreBlendMode.cpp">
      <Filter>OgreMain\Source Files</Filter>
    </ClCompile>
    <ClCompile Include="src\auto\MogreBone.cpp">
      <Filter>OgreMain\Source Files</Filter>
    </ClCompile>
    <ClCompile Include="src\auto\MogreBorderPanelOverlayElement.cpp">
      <Filter>OgreMain\Source Files</Filter>
    </ClCompile>
    <ClCompile Include="src\auto\MogreCamera.cpp">
      <Filter>OgreMain\Source Files</Filter>
    </ClCompile>
    <ClCompile Include="src\auto\MogreCodec.cpp">
      <Filter>OgreMain\Source Files</Filter>
    </ClCompile>
    <ClCompile Include="src\auto\MogreCommon.cpp">
      <Filter>OgreMain\Source Files</Filter>
    </ClCompile>
    <ClCompile Include="src\auto\MogreCompositionPass.cpp">
      <Filter>OgreMain\Source Files</Filter>
    </ClCompile>
    <ClCompile Include="src\auto\MogreCompositionTargetPass.cpp">
      <Filter>OgreMain\Source Files</Filter>
    </ClCompile>
    <ClCompile Include="src\auto\MogreCompositionTechnique.cpp">
      <Filter>OgreMain\Source Files</Filter>
    </ClCompile>
    <ClCompile Include="src\auto\MogreCompositor.cpp">
      <Filter>OgreMain\Source Files</Filter>
    </ClCompile>
    <ClCompile Include="src\auto\MogreCompositorChain.cpp">
      <Filter>OgreMain\Source Files</Filter>
    </ClCompile>
    <ClCompile Include="src\auto\MogreCompositorInstance.cpp">
      <Filter>OgreMain\Source Files</Filter>
    </ClCompile>
    <ClCompile Include="src\auto\MogreCompositorManager.cpp">
      <Filter>OgreMain\Source Files</Filter>
    </ClCompile>
    <ClCompile Include="src\auto\MogreConfigFile.cpp">
      <Filter>OgreMain\Source Files</Filter>
    </ClCompile>
    <ClCompile Include="src\auto\MogreConfigOptionMap.cpp">
      <Filter>OgreMain\Source Files</Filter>
    </ClCompile>
    <ClCompile Include="src\auto\MogreCustomCompositionPass.cpp">
      <Filter>OgreMain\Source Files</Filter>
    </ClCompile>
    <ClCompile Include="src\auto\MogreDataStream.cpp">
      <Filter>OgreMain\Source Files</Filter>
    </ClCompile>
    <ClCompile Include="src\auto\MogreDDSCodec.cpp">
      <Filter>OgreMain\Source Files</Filter>
    </ClCompile>
    <ClCompile Include="src\auto\MogreDefaultHardwareBufferManager.cpp">
      <Filter>OgreMain\Source Files</Filter>
    </ClCompile>
    <ClCompile Include="src\auto\MogreDistanceLodStrategy.cpp">
      <Filter>OgreMain\Source Files</Filter>
    </ClCompile>
    <ClCompile Include="src\auto\MogreEdgeListBuilder.cpp">
      <Filter>OgreMain\Source Files</Filter>
    </ClCompile>
    <ClCompile Include="src\auto\MogreEntity.cpp">
      <Filter>OgreMain\Source Files</Filter>
    </ClCompile>
    <ClCompile Include="src\auto\MogreException.cpp">
      <Filter>OgreMain\Source Files</Filter>
    </ClCompile>
    <ClCompile Include="src\auto\MogreExternalTextureSource.cpp">
      <Filter>OgreMain\Source Files</Filter>
    </ClCompile>
    <ClCompile Include="src\auto\MogreExternalTextureSourceManager.cpp">
      <Filter>OgreMain\Source Files</Filter>
    </ClCompile>
    <ClCompile Include="src\auto\MogreFileSystem.cpp">
      <Filter>OgreMain\Source Files</Filter>
    </ClCompile>
    <ClCompile Include="src\auto\MogreFont.cpp">
      <Filter>OgreMain\Source Files</Filter>
    </ClCompile>
    <ClCompile Include="src\auto\MogreFontManager.cpp">
      <Filter>OgreMain\Source Files</Filter>
    </ClCompile>
    <ClCompile Include="src\auto\MogreFrameListener.cpp">
      <Filter>OgreMain\Source Files</Filter>
    </ClCompile>
    <ClCompile Include="src\auto\MogreFrustum.cpp">
      <Filter>OgreMain\Source Files</Filter>
    </ClCompile>
    <ClCompile Include="src\auto\MogreGpuProgram.cpp">
      <Filter>OgreMain\Source Files</Filter>
    </ClCompile>
    <ClCompile Include="src\auto\MogreGpuProgramManager.cpp">
      <Filter>OgreMain\Source Files</Filter>
    </ClCompile>
    <ClCompile Include="src\auto\MogreGpuProgramParams.cpp">
      <Filter>OgreMain\Source Files</Filter>
    </ClCompile>
    <ClCompile Include="src\auto\MogreHardwareBuffer.cpp">
      <Filter>OgreMain\Source Files</Filter>
    </ClCompile>
    <ClCompile Include="src\auto\MogreHardwareBufferManager.cpp">
      <Filter>OgreMain\Source Files</Filter>
    </ClCompile>
    <ClCompile Include="src\auto\MogreHardwareIndexBuffer.cpp">
      <Filter>OgreMain\Source Files</Filter>
    </ClCompile>
    <ClCompile Include="src\auto\MogreHardwareOcclusionQuery.cpp">
      <Filter>OgreMain\Source Files</Filter>
    </ClCompile>
    <ClCompile Include="src\auto\MogreHardwarePixelBuffer.cpp">
      <Filter>OgreMain\Source Files</Filter>
    </ClCompile>
    <ClCompile Include="src\auto\MogreHardwareVertexBuffer.cpp">
      <Filter>OgreMain\Source Files</Filter>
    </ClCompile>
    <ClCompile Include="src\auto\MogreHighLevelGpuProgram.cpp">
      <Filter>OgreMain\Source Files</Filter>
    </ClCompile>
    <ClCompile Include="src\auto\MogreHighLevelGpuProgramManager.cpp">
      <Filter>OgreMain\Source Files</Filter>
    </ClCompile>
    <ClCompile Include="src\auto\MogreImage.cpp">
      <Filter>OgreMain\Source Files</Filter>
    </ClCompile>
    <ClCompile Include="src\auto\MogreImageCodec.cpp">
      <Filter>OgreMain\Source Files</Filter>
    </ClCompile>
    <ClCompile Include="src\auto\MogreInstancedGeometry.cpp">
      <Filter>OgreMain\Source Files</Filter>
    </ClCompile>
    <ClCompile Include="src\auto\MogreKeyFrame.cpp">
      <Filter>OgreMain\Source Files</Filter>
    </ClCompile>
    <ClCompile Include="src\auto\MogreLight.cpp">
      <Filter>OgreMain\Source Files</Filter>
    </ClCompile>
    <ClCompile Include="src\auto\MogreLodListener.cpp">
      <Filter>OgreMain\Source Files</Filter>
    </ClCompile>
    <ClCompile Include="src\auto\MogreLodStrategy.cpp">
      <Filter>OgreMain\Source Files</Filter>
    </ClCompile>
    <ClCompile Include="src\auto\MogreLodStrategyManager.cpp">
      <Filter>OgreMain\Source Files</Filter>
    </ClCompile>
    <ClCompile Include="src\auto\MogreLog.cpp">
      <Filter>OgreMain\Source Files</Filter>
    </ClCompile>
    <ClCompile Include="src\auto\MogreLogManager.cpp">
      <Filter>OgreMain\Source Files</Filter>
    </ClCompile>
    <ClCompile Include="src\auto\MogreManualObject.cpp">
      <Filter>OgreMain\Source Files</Filter>
    </ClCompile>
    <ClCompile Include="src\auto\MogreMaterial.cpp">
      <Filter>OgreMain\Source Files</Filter>
    </ClCompile>
    <ClCompile Include="src\auto\MogreMaterialManager.cpp">
      <Filter>OgreMain\Source Files</Filter>
    </ClCompile>
    <ClCompile Include="src\auto\MogreMaterialSerializer.cpp">
      <Filter>OgreMain\Source Files</Filter>
    </ClCompile>
    <ClCompile Include="src\auto\MogreMesh.cpp">
      <Filter>OgreMain\Source Files</Filter>
    </ClCompile>
    <ClCompile Include="src\auto\MogreMeshManager.cpp">
      <Filter>OgreMain\Source Files</Filter>
    </ClCompile>
    <ClCompile Include="src\auto\MogreMeshSerializer.cpp">
      <Filter>OgreMain\Source Files</Filter>
    </ClCompile>
    <ClCompile Include="src\auto\MogreMovableObject.cpp">
      <Filter>OgreMain\Source Files</Filter>
    </ClCompile>
    <ClCompile Include="src\auto\MogreMovablePlane.cpp">
      <Filter>OgreMain\Source Files</Filter>
    </ClCompile>
    <ClCompile Include="src\auto\MogreNode.cpp">
      <Filter>OgreMain\Source Files</Filter>
    </ClCompile>
    <ClCompile Include="src\auto\MogreOverlay.cpp">
      <Filter>OgreMain\Source Files</Filter>
    </ClCompile>
    <ClCompile Include="src\auto\MogreOverlayContainer.cpp">
      <Filter>OgreMain\Source Files</Filter>
    </ClCompile>
    <ClCompile Include="src\auto\MogreOverlayElement.cpp">
      <Filter>OgreMain\Source Files</Filter>
    </ClCompile>
    <ClCompile Include="src\auto\MogreOverlayElementFactory.cpp">
      <Filter>OgreMain\Source Files</Filter>
    </ClCompile>
    <ClCompile Include="src\auto\MogreOverlayManager.cpp">
      <Filter>OgreMain\Source Files</Filter>
    </ClCompile>
    <ClCompile Include="src\auto\MogrePanelOverlayElement.cpp">
      <Filter>OgreMain\Source Files</Filter>
    </ClCompile>
    <ClCompile Include="src\auto\MogreParticle.cpp">
      <Filter>OgreMain\Source Files</Filter>
    </ClCompile>
    <ClCompile Include="src\auto\MogreParticleAffector.cpp">
      <Filter>OgreMain\Source Files</Filter>
    </ClCompile>
    <ClCompile Include="src\auto\MogreParticleAffectorFactory.cpp">
      <Filter>OgreMain\Source Files</Filter>
    </ClCompile>
    <ClCompile Include="src\auto\MogreParticleEmitter.cpp">
      <Filter>OgreMain\Source Files</Filter>
    </ClCompile>
    <ClCompile Include="src\auto\MogreParticleEmitterFactory.cpp">
      <Filter>OgreMain\Source Files</Filter>
    </ClCompile>
    <ClCompile Include="src\auto\MogreParticleIterator.cpp">
      <Filter>OgreMain\Source Files</Filter>
    </ClCompile>
    <ClCompile Include="src\auto\MogreParticleSystem.cpp">
      <Filter>OgreMain\Source Files</Filter>
    </ClCompile>
    <ClCompile Include="src\auto\MogreParticleSystemManager.cpp">
      <Filter>OgreMain\Source Files</Filter>
    </ClCompile>
    <ClCompile Include="src\auto\MogreParticleSystemRenderer.cpp">
      <Filter>OgreMain\Source Files</Filter>
    </ClCompile>
    <ClCompile Include="src\auto\MogrePass.cpp">
      <Filter>OgreMain\Source Files</Filter>
    </ClCompile>
    <ClCompile Include="src\auto\MogrePatchMesh.cpp">
      <Filter>OgreMain\Source Files</Filter>
    </ClCompile>
    <ClCompile Include="src\auto\MogrePatchSurface.cpp">
      <Filter>OgreMain\Source Files</Filter>
    </ClCompile>
    <ClCompile Include="src\auto\MogrePixelCountLodStrategy.cpp">
      <Filter>OgreMain\Source Files</Filter>
    </ClCompile>
    <ClCompile Include="src\auto\MogrePixelFormat.cpp">
      <Filter>OgreMain\Source Files</Filter>
    </ClCompile>
    <ClCompile Include="src\auto\MogrePlane.cpp">
      <Filter>OgreMain\Source Files</Filter>
    </ClCompile>
    <ClCompile Include="src\auto\MogrePlaneBoundedVolume.cpp">
      <Filter>OgreMain\Source Files</Filter>
    </ClCompile>
    <ClCompile Include="src\auto\MogrePlugin.cpp">
      <Filter>OgreMain\Source Files</Filter>
    </ClCompile>
    <ClCompile Include="src\auto\MogrePose.cpp">
      <Filter>OgreMain\Source Files</Filter>
    </ClCompile>
    <ClCompile Include="src\auto\MogreProfiler.cpp">
      <Filter>OgreMain\Source Files</Filter>
    </ClCompile>
    <ClCompile Include="src\auto\MogreProgressiveMesh.cpp">
      <Filter>OgreMain\Source Files</Filter>
    </ClCompile>
    <ClCompile Include="src\auto\MogrePVRTCCodec.cpp">
      <Filter>OgreMain\Source Files</Filter>
    </ClCompile>
    <ClCompile Include="src\auto\MogreRectangle2D.cpp">
      <Filter>OgreMain\Source Files</Filter>
    </ClCompile>
    <ClCompile Include="src\auto\MogreRenderable.cpp">
      <Filter>OgreMain\Source Files</Filter>
    </ClCompile>
    <ClCompile Include="src\auto\MogreRenderObjectListener.cpp">
      <Filter>OgreMain\Source Files</Filter>
    </ClCompile>
    <ClCompile Include="src\auto\MogreRenderOperation.cpp">
      <Filter>OgreMain\Source Files</Filter>
    </ClCompile>
    <ClCompile Include="src\auto\MogreRenderQueue.cpp">
      <Filter>OgreMain\Source Files</Filter>
    </ClCompile>
    <ClCompile Include="src\auto\MogreRenderQueueInvocation.cpp">
      <Filter>OgreMain\Source Files</Filter>
    </ClCompile>
    <ClCompile Include="src\auto\MogreRenderQueueListener.cpp">
      <Filter>OgreMain\Source Files</Filter>
    </ClCompile>
    <ClCompile Include="src\auto\MogreRenderQueueSortingGrouping.cpp">
      <Filter>OgreMain\Source Files</Filter>
    </ClCompile>
    <ClCompile Include="src\auto\MogreRenderSystem.cpp">
      <Filter>OgreMain\Source Files</Filter>
    </ClCompile>
    <ClCompile Include="src\auto\MogreRenderSystemCapabilities.cpp">
      <Filter>OgreMain\Source Files</Filter>
    </ClCompile>
    <ClCompile Include="src\auto\MogreRenderSystemCapabilitiesManager.cpp">
      <Filter>OgreMain\Source Files</Filter>
    </ClCompile>
    <ClCompile Include="src\auto\MogreRenderTarget.cpp">
      <Filter>OgreMain\Source Files</Filter>
    </ClCompile>
    <ClCompile Include="src\auto\MogreRenderTargetListener.cpp">
      <Filter>OgreMain\Source Files</Filter>
    </ClCompile>
    <ClCompile Include="src\auto\MogreRenderTexture.cpp">
      <Filter>OgreMain\Source Files</Filter>
    </ClCompile>
    <ClCompile Include="src\auto\MogreRenderToVertexBuffer.cpp">
      <Filter>OgreMain\Source Files</Filter>
    </ClCompile>
    <ClCompile Include="src\auto\MogreRenderWindow.cpp">
      <Filter>OgreMain\Source Files</Filter>
    </ClCompile>
    <ClCompile Include="src\auto\MogreResource.cpp">
      <Filter>OgreMain\Source Files</Filter>
    </ClCompile>
    <ClCompile Include="src\auto\MogreResourceBackgroundQueue.cpp">
      <Filter>OgreMain\Source Files</Filter>
    </ClCompile>
    <ClCompile Include="src\auto\MogreResourceGroupManager.cpp">
      <Filter>OgreMain\Source Files</Filter>
    </ClCompile>
    <ClCompile Include="src\auto\MogreResourceManager.cpp">
      <Filter>OgreMain\Source Files</Filter>
    </ClCompile>
    <ClCompile Include="src\auto\MogreRibbonTrail.cpp">
      <Filter>OgreMain\Source Files</Filter>
    </ClCompile>
    <ClCompile Include="src\auto\MogreRoot.cpp">
      <Filter>OgreMain\Source Files</Filter>
    </ClCompile>
    <ClCompile Include="src\auto\MogreRotationalSpline.cpp">
      <Filter>OgreMain\Source Files</Filter>
    </ClCompile>
    <ClCompile Include="src\auto\MogreSceneManager.cpp">
      <Filter>OgreMain\Source Files</Filter>
    </ClCompile>
    <ClCompile Include="src\auto\MogreSceneManagerEnumerator.cpp">
      <Filter>OgreMain\Source Files</Filter>
    </ClCompile>
    <ClCompile Include="src\auto\MogreSceneNode.cpp">
      <Filter>OgreMain\Source Files</Filter>
    </ClCompile>
    <ClCompile Include="src\auto\MogreSceneQuery.cpp">
      <Filter>OgreMain\Source Files</Filter>
    </ClCompile>
    <ClCompile Include="src\auto\MogreSerializer.cpp">
      <Filter>OgreMain\Source Files</Filter>
    </ClCompile>
    <ClCompile Include="src\auto\MogreShadowCameraSetup.cpp">
      <Filter>OgreMain\Source Files</Filter>
    </ClCompile>
    <ClCompile Include="src\auto\MogreShadowCameraSetupFocused.cpp">
      <Filter>OgreMain\Source Files</Filter>
    </ClCompile>
    <ClCompile Include="src\auto\MogreShadowCameraSetupLiSPSM.cpp">
      <Filter>OgreMain\Source Files</Filter>
    </ClCompile>
    <ClCompile Include="src\auto\MogreShadowCameraSetupPlaneOptimal.cpp">
      <Filter>OgreMain\Source Files</Filter>
    </ClCompile>
    <ClCompile Include="src\auto\MogreShadowCameraSetupPSSM.cpp">
      <Filter>OgreMain\Source Files</Filter>
    </ClCompile>
    <ClCompile Include="src\auto\MogreShadowCaster.cpp">
      <Filter>OgreMain\Source Files</Filter>
    </ClCompile>
    <ClCompile Include="src\auto\MogreShadowTextureManager.cpp">
      <Filter>OgreMain\Source Files</Filter>
    </ClCompile>
    <ClCompile Include="src\auto\MogreSimpleRenderable.cpp">
      <Filter>OgreMain\Source Files</Filter>
    </ClCompile>
    <ClCompile Include="src\auto\MogreSimpleSpline.cpp">
      <Filter>OgreMain\Source Files</Filter>
    </ClCompile>
    <ClCompile Include="src\auto\MogreSkeleton.cpp">
      <Filter>OgreMain\Source Files</Filter>
    </ClCompile>
    <ClCompile Include="src\auto\MogreSkeletonInstance.cpp">
      <Filter>OgreMain\Source Files</Filter>
    </ClCompile>
    <ClCompile Include="src\auto\MogreSkeletonManager.cpp">
      <Filter>OgreMain\Source Files</Filter>
    </ClCompile>
    <ClCompile Include="src\auto\MogreSkeletonSerializer.cpp">
      <Filter>OgreMain\Source Files</Filter>
    </ClCompile>
    <ClCompile Include="src\auto\MogreStaticGeometry.cpp">
      <Filter>OgreMain\Source Files</Filter>
    </ClCompile>
    <ClCompile Include="src\auto\MogreStringConverter.cpp">
      <Filter>OgreMain\Source Files</Filter>
    </ClCompile>
    <ClCompile Include="src\auto\MogreStringInterface.cpp">
      <Filter>OgreMain\Source Files</Filter>
    </ClCompile>
    <ClCompile Include="src\auto\MogreStringVector.cpp">
      <Filter>OgreMain\Source Files</Filter>
    </ClCompile>
    <ClCompile Include="src\auto\MogreSubEntity.cpp">
      <Filter>OgreMain\Source Files</Filter>
    </ClCompile>
    <ClCompile Include="src\auto\MogreSubMesh.cpp">
      <Filter>OgreMain\Source Files</Filter>
    </ClCompile>
    <ClCompile Include="src\auto\MogreTagPoint.cpp">
      <Filter>OgreMain\Source Files</Filter>
    </ClCompile>
    <ClCompile Include="src\auto\MogreTechnique.cpp">
      <Filter>OgreMain\Source Files</Filter>
    </ClCompile>
    <ClCompile Include="src\auto\MogreTextAreaOverlayElement.cpp">
      <Filter>OgreMain\Source Files</Filter>
    </ClCompile>
    <ClCompile Include="src\auto\MogreTexture.cpp">
      <Filter>OgreMain\Source Files</Filter>
    </ClCompile>
    <ClCompile Include="src\auto\MogreTextureManager.cpp">
      <Filter>OgreMain\Source Files</Filter>
    </ClCompile>
    <ClCompile Include="src\auto\MogreTextureUnitState.cpp">
      <Filter>OgreMain\Source Files</Filter>
    </ClCompile>
    <ClCompile Include="src\auto\MogreUnifiedHighLevelGpuProgram.cpp">
      <Filter>OgreMain\Source Files</Filter>
    </ClCompile>
    <ClCompile Include="src\auto\MogreUserObjectBindings.cpp">
      <Filter>OgreMain\Source Files</Filter>
    </ClCompile>
    <ClCompile Include="src\auto\MogreVertexIndexData.cpp">
      <Filter>OgreMain\Source Files</Filter>
    </ClCompile>
    <ClCompile Include="src\auto\MogreViewport.cpp">
      <Filter>OgreMain\Source Files</Filter>
    </ClCompile>
    <ClCompile Include="src\auto\Mogre-WIN32_OgreTimerImp.cpp">
      <Filter>OgreMain\Source Files</Filter>
    </ClCompile>
    <ClCompile Include="src\auto\MogreWindowEventUtilities.cpp">
      <Filter>OgreMain\Source Files</Filter>
    </ClCompile>
    <ClCompile Include="src\auto\MogreWireBoundingBox.cpp">
      <Filter>OgreMain\Source Files</Filter>
    </ClCompile>
    <ClCompile Include="src\auto\MogreZip.cpp">
      <Filter>OgreMain\Source Files</Filter>
    </ClCompile>
    <ClCompile Include="src\auto\MogreStreamSerialiser.cpp">
      <Filter>OgreMain\Source Files</Filter>
    </ClCompile>
    <ClCompile Include="src\auto\MogreWorkQueue.cpp">
      <Filter>OgreMain\Source Files</Filter>
    </ClCompile>
    <ClCompile Include="AssemblyInfo.cpp" />
  </ItemGroup>
  <ItemGroup>
    <ClInclude Include="include\auto\MogreTerrain.h">
      <Filter>Terrain\Header Files</Filter>
    </ClInclude>
    <ClInclude Include="include\auto\MogreTerrainQuadTreeNode.h">
      <Filter>Terrain\Header Files</Filter>
    </ClInclude>
    <ClInclude Include="include\auto\MogreTerrainGroup.h">
      <Filter>Terrain\Header Files</Filter>
    </ClInclude>
    <ClInclude Include="include\auto\MogreTerrainLayerBlendMap.h">
      <Filter>Terrain\Header Files</Filter>
    </ClInclude>
    <ClInclude Include="include\auto\MogreTerrainMaterialGenerator.h">
      <Filter>Terrain\Header Files</Filter>
    </ClInclude>
    <ClInclude Include="include\auto\MogreTerrainMaterialGeneratorA.h">
      <Filter>Terrain\Header Files</Filter>
    </ClInclude>
    <ClInclude Include="include\auto\MogreTerrainPagedWorldSection.h">
      <Filter>Terrain\Header Files</Filter>
    </ClInclude>
    <ClInclude Include="include\auto\MogreTerrainPaging.h">
      <Filter>Terrain\Header Files</Filter>
    </ClInclude>
    <ClInclude Include="include\auto\MogreGrid2DPageStrategy.h">
      <Filter>Paging\Header Files</Filter>
    </ClInclude>
    <ClInclude Include="include\auto\MogreSimplePageContentCollection.h">
      <Filter>Paging\Header Files</Filter>
    </ClInclude>
    <ClInclude Include="include\auto\MogrePage.h">
      <Filter>Paging\Header Files</Filter>
    </ClInclude>
    <ClInclude Include="include\auto\MogrePageContent.h">
      <Filter>Paging\Header Files</Filter>
    </ClInclude>
    <ClInclude Include="include\auto\MogrePageContentCollection.h">
      <Filter>Paging\Header Files</Filter>
    </ClInclude>
    <ClInclude Include="include\auto\MogrePageContentCollectionFactory.h">
      <Filter>Paging\Header Files</Filter>
    </ClInclude>
    <ClInclude Include="include\auto\MogrePageContentFactory.h">
      <Filter>Paging\Header Files</Filter>
    </ClInclude>
    <ClInclude Include="include\auto\MogrePagedWorld.h">
      <Filter>Paging\Header Files</Filter>
    </ClInclude>
    <ClInclude Include="include\auto\MogrePagedWorldSection.h">
      <Filter>Paging\Header Files</Filter>
    </ClInclude>
    <ClInclude Include="include\auto\MogrePageManager.h">
      <Filter>Paging\Header Files</Filter>
    </ClInclude>
    <ClInclude Include="include\auto\MogrePageStrategy.h">
      <Filter>Paging\Header Files</Filter>
    </ClInclude>
    <ClInclude Include="include\auto\MogrePagingPrerequisites.h">
      <Filter>Paging\Header Files</Filter>
    </ClInclude>
    <ClInclude Include="include\CLRHelp.h">
      <Filter>Wrapper\Header Files</Filter>
    </ClInclude>
    <ClInclude Include="include\Marshalling.h">
      <Filter>Wrapper\Header Files</Filter>
    </ClInclude>
    <ClInclude Include="include\MogreStableHeaders.h">
      <Filter>Wrapper\Header Files</Filter>
    </ClInclude>
    <ClInclude Include="include\NativeArrayWrappers.h">
      <Filter>Wrapper\Header Files</Filter>
    </ClInclude>
    <ClInclude Include="include\PortedClasses.h">
      <Filter>Wrapper\Header Files</Filter>
    </ClInclude>
    <ClInclude Include="include\Prerequisites.h">
      <Filter>Wrapper\Header Files</Filter>
    </ClInclude>
    <ClInclude Include="include\STLContainerWrappers.h">
      <Filter>Wrapper\Header Files</Filter>
    </ClInclude>
    <ClInclude Include="include\STLDeque.h">
      <Filter>Wrapper\Header Files</Filter>
    </ClInclude>
    <ClInclude Include="include\STLHashedVector.h">
      <Filter>Wrapper\Header Files</Filter>
    </ClInclude>
    <ClInclude Include="include\STLHashMap.h">
      <Filter>Wrapper\Header Files</Filter>
    </ClInclude>
    <ClInclude Include="include\STLList.h">
      <Filter>Wrapper\Header Files</Filter>
    </ClInclude>
    <ClInclude Include="include\STLMap.h">
      <Filter>Wrapper\Header Files</Filter>
    </ClInclude>
    <ClInclude Include="include\STLMultiMap.h">
      <Filter>Wrapper\Header Files</Filter>
    </ClInclude>
    <ClInclude Include="include\STLMultiSet.h">
      <Filter>Wrapper\Header Files</Filter>
    </ClInclude>
    <ClInclude Include="include\STLSet.h">
      <Filter>Wrapper\Header Files</Filter>
    </ClInclude>
    <ClInclude Include="include\STLVector.h">
      <Filter>Wrapper\Header Files</Filter>
    </ClInclude>
    <ClInclude Include="include\SubclassingManager.h">
      <Filter>Wrapper\Header Files</Filter>
    </ClInclude>
    <ClInclude Include="include\Wrapper.h">
      <Filter>Wrapper\Header Files</Filter>
    </ClInclude>
    <ClInclude Include="include\Custom\ManagedDataStream.h">
      <Filter>Custom\Header Files</Filter>
    </ClInclude>
    <ClInclude Include="include\Custom\MogreAxisAlignedBox.h">
      <Filter>Custom\Header Files</Filter>
    </ClInclude>
    <ClInclude Include="include\Custom\MogreBox.h">
      <Filter>Custom\Header Files</Filter>
    </ClInclude>
    <ClInclude Include="include\Custom\MogreColourValue.h">
      <Filter>Custom\Header Files</Filter>
    </ClInclude>
    <ClInclude Include="include\Custom\MogreIteratorWrapper.h">
      <Filter>Custom\Header Files</Filter>
    </ClInclude>
    <ClInclude Include="include\Custom\MogreMath.h">
      <Filter>Custom\Header Files</Filter>
    </ClInclude>
    <ClInclude Include="include\Custom\MogreMatrix3.h">
      <Filter>Custom\Header Files</Filter>
    </ClInclude>
    <ClInclude Include="include\Custom\MogreMatrix4.h">
      <Filter>Custom\Header Files</Filter>
    </ClInclude>
    <ClInclude Include="include\Custom\MogrePair.h">
      <Filter>Custom\Header Files</Filter>
    </ClInclude>
    <ClInclude Include="include\Custom\MogreParamCommand.h">
      <Filter>Custom\Header Files</Filter>
    </ClInclude>
    <ClInclude Include="include\Custom\MogrePlane.h">
      <Filter>Custom\Header Files</Filter>
    </ClInclude>
    <ClInclude Include="include\Custom\MogreQuaternion.h">
      <Filter>Custom\Header Files</Filter>
    </ClInclude>
    <ClInclude Include="include\Custom\MogreRay.h">
      <Filter>Custom\Header Files</Filter>
    </ClInclude>
    <ClInclude Include="include\Custom\MogreRect.h">
      <Filter>Custom\Header Files</Filter>
    </ClInclude>
    <ClInclude Include="include\Custom\MogreRectangle.h">
      <Filter>Custom\Header Files</Filter>
    </ClInclude>
    <ClInclude Include="include\Custom\MogreSphere.h">
      <Filter>Custom\Header Files</Filter>
    </ClInclude>
    <ClInclude Include="include\Custom\MogreVector2.h">
      <Filter>Custom\Header Files</Filter>
    </ClInclude>
    <ClInclude Include="include\Custom\MogreVector3.h">
      <Filter>Custom\Header Files</Filter>
    </ClInclude>
    <ClInclude Include="include\Custom\MogreVector4.h">
      <Filter>Custom\Header Files</Filter>
    </ClInclude>
    <ClInclude Include="include\Custom\MogreVertexElement.h">
      <Filter>Custom\Header Files</Filter>
    </ClInclude>
    <ClInclude Include="include\auto\MakePublicDeclarations.h">
      <Filter>OgreMain\Header Files</Filter>
    </ClInclude>
    <ClInclude Include="include\auto\MogreAnimable.h">
      <Filter>OgreMain\Header Files</Filter>
    </ClInclude>
    <ClInclude Include="include\auto\MogreAnimation.h">
      <Filter>OgreMain\Header Files</Filter>
    </ClInclude>
    <ClInclude Include="include\auto\MogreAnimationState.h">
      <Filter>OgreMain\Header Files</Filter>
    </ClInclude>
    <ClInclude Include="include\auto\MogreAnimationTrack.h">
      <Filter>OgreMain\Header Files</Filter>
    </ClInclude>
    <ClInclude Include="include\auto\MogreArchive.h">
      <Filter>OgreMain\Header Files</Filter>
    </ClInclude>
    <ClInclude Include="include\auto\MogreArchiveManager.h">
      <Filter>OgreMain\Header Files</Filter>
    </ClInclude>
    <ClInclude Include="include\auto\MogreBillboard.h">
      <Filter>OgreMain\Header Files</Filter>
    </ClInclude>
    <ClInclude Include="include\auto\MogreBillboardChain.h">
      <Filter>OgreMain\Header Files</Filter>
    </ClInclude>
    <ClInclude Include="include\auto\MogreBillboardParticleRenderer.h">
      <Filter>OgreMain\Header Files</Filter>
    </ClInclude>
    <ClInclude Include="include\auto\MogreBillboardSet.h">
      <Filter>OgreMain\Header Files</Filter>
    </ClInclude>
    <ClInclude Include="include\auto\MogreBlendMode.h">
      <Filter>OgreMain\Header Files</Filter>
    </ClInclude>
    <ClInclude Include="include\auto\MogreBone.h">
      <Filter>OgreMain\Header Files</Filter>
    </ClInclude>
    <ClInclude Include="include\auto\MogreBorderPanelOverlayElement.h">
      <Filter>OgreMain\Header Files</Filter>
    </ClInclude>
    <ClInclude Include="include\auto\MogreCamera.h">
      <Filter>OgreMain\Header Files</Filter>
    </ClInclude>
    <ClInclude Include="include\auto\MogreCodec.h">
      <Filter>OgreMain\Header Files</Filter>
    </ClInclude>
    <ClInclude Include="include\auto\MogreColourValue.h">
      <Filter>OgreMain\Header Files</Filter>
    </ClInclude>
    <ClInclude Include="include\auto\MogreCommon.h">
      <Filter>OgreMain\Header Files</Filter>
    </ClInclude>
    <ClInclude Include="include\auto\MogreCompositionPass.h">
      <Filter>OgreMain\Header Files</Filter>
    </ClInclude>
    <ClInclude Include="include\auto\MogreCompositionTargetPass.h">
      <Filter>OgreMain\Header Files</Filter>
    </ClInclude>
    <ClInclude Include="include\auto\MogreCompositionTechnique.h">
      <Filter>OgreMain\Header Files</Filter>
    </ClInclude>
    <ClInclude Include="include\auto\MogreCompositor.h">
      <Filter>OgreMain\Header Files</Filter>
    </ClInclude>
    <ClInclude Include="include\auto\MogreCompositorChain.h">
      <Filter>OgreMain\Header Files</Filter>
    </ClInclude>
    <ClInclude Include="include\auto\MogreCompositorInstance.h">
      <Filter>OgreMain\Header Files</Filter>
    </ClInclude>
    <ClInclude Include="include\auto\MogreCompositorManager.h">
      <Filter>OgreMain\Header Files</Filter>
    </ClInclude>
    <ClInclude Include="include\auto\MogreConfigFile.h">
      <Filter>OgreMain\Header Files</Filter>
    </ClInclude>
    <ClInclude Include="include\auto\MogreConfigOptionMap.h">
      <Filter>OgreMain\Header Files</Filter>
    </ClInclude>
    <ClInclude Include="include\auto\MogreCustomCompositionPass.h">
      <Filter>OgreMain\Header Files</Filter>
    </ClInclude>
    <ClInclude Include="include\auto\MogreDataStream.h">
      <Filter>OgreMain\Header Files</Filter>
    </ClInclude>
    <ClInclude Include="include\auto\MogreDDSCodec.h">
      <Filter>OgreMain\Header Files</Filter>
    </ClInclude>
    <ClInclude Include="include\auto\MogreDefaultHardwareBufferManager.h">
      <Filter>OgreMain\Header Files</Filter>
    </ClInclude>
    <ClInclude Include="include\auto\MogreDistanceLodStrategy.h">
      <Filter>OgreMain\Header Files</Filter>
    </ClInclude>
    <ClInclude Include="include\auto\MogreEdgeListBuilder.h">
      <Filter>OgreMain\Header Files</Filter>
    </ClInclude>
    <ClInclude Include="include\auto\MogreEntity.h">
      <Filter>OgreMain\Header Files</Filter>
    </ClInclude>
    <ClInclude Include="include\auto\MogreException.h">
      <Filter>OgreMain\Header Files</Filter>
    </ClInclude>
    <ClInclude Include="include\auto\MogreExternalTextureSource.h">
      <Filter>OgreMain\Header Files</Filter>
    </ClInclude>
    <ClInclude Include="include\auto\MogreExternalTextureSourceManager.h">
      <Filter>OgreMain\Header Files</Filter>
    </ClInclude>
    <ClInclude Include="include\auto\MogreFileSystem.h">
      <Filter>OgreMain\Header Files</Filter>
    </ClInclude>
    <ClInclude Include="include\auto\MogreFont.h">
      <Filter>OgreMain\Header Files</Filter>
    </ClInclude>
    <ClInclude Include="include\auto\MogreFontManager.h">
      <Filter>OgreMain\Header Files</Filter>
    </ClInclude>
    <ClInclude Include="include\auto\MogreFrameListener.h">
      <Filter>OgreMain\Header Files</Filter>
    </ClInclude>
    <ClInclude Include="include\auto\MogreFrustum.h">
      <Filter>OgreMain\Header Files</Filter>
    </ClInclude>
    <ClInclude Include="include\auto\MogreGpuProgram.h">
      <Filter>OgreMain\Header Files</Filter>
    </ClInclude>
    <ClInclude Include="include\auto\MogreGpuProgramManager.h">
      <Filter>OgreMain\Header Files</Filter>
    </ClInclude>
    <ClInclude Include="include\auto\MogreGpuProgramParams.h">
      <Filter>OgreMain\Header Files</Filter>
    </ClInclude>
    <ClInclude Include="include\auto\MogreHardwareBuffer.h">
      <Filter>OgreMain\Header Files</Filter>
    </ClInclude>
    <ClInclude Include="include\auto\MogreHardwareBufferManager.h">
      <Filter>OgreMain\Header Files</Filter>
    </ClInclude>
    <ClInclude Include="include\auto\MogreHardwareIndexBuffer.h">
      <Filter>OgreMain\Header Files</Filter>
    </ClInclude>
    <ClInclude Include="include\auto\MogreHardwareOcclusionQuery.h">
      <Filter>OgreMain\Header Files</Filter>
    </ClInclude>
    <ClInclude Include="include\auto\MogreHardwarePixelBuffer.h">
      <Filter>OgreMain\Header Files</Filter>
    </ClInclude>
    <ClInclude Include="include\auto\MogreHardwareVertexBuffer.h">
      <Filter>OgreMain\Header Files</Filter>
    </ClInclude>
    <ClInclude Include="include\auto\MogreHighLevelGpuProgram.h">
      <Filter>OgreMain\Header Files</Filter>
    </ClInclude>
    <ClInclude Include="include\auto\MogreHighLevelGpuProgramManager.h">
      <Filter>OgreMain\Header Files</Filter>
    </ClInclude>
    <ClInclude Include="include\auto\MogreImage.h">
      <Filter>OgreMain\Header Files</Filter>
    </ClInclude>
    <ClInclude Include="include\auto\MogreImageCodec.h">
      <Filter>OgreMain\Header Files</Filter>
    </ClInclude>
    <ClInclude Include="include\auto\MogreInstancedGeometry.h">
      <Filter>OgreMain\Header Files</Filter>
    </ClInclude>
    <ClInclude Include="include\auto\MogreKeyFrame.h">
      <Filter>OgreMain\Header Files</Filter>
    </ClInclude>
    <ClInclude Include="include\auto\MogreLight.h">
      <Filter>OgreMain\Header Files</Filter>
    </ClInclude>
    <ClInclude Include="include\auto\MogreLodListener.h">
      <Filter>OgreMain\Header Files</Filter>
    </ClInclude>
    <ClInclude Include="include\auto\MogreLodStrategy.h">
      <Filter>OgreMain\Header Files</Filter>
    </ClInclude>
    <ClInclude Include="include\auto\MogreLodStrategyManager.h">
      <Filter>OgreMain\Header Files</Filter>
    </ClInclude>
    <ClInclude Include="include\auto\MogreLog.h">
      <Filter>OgreMain\Header Files</Filter>
    </ClInclude>
    <ClInclude Include="include\auto\MogreLogManager.h">
      <Filter>OgreMain\Header Files</Filter>
    </ClInclude>
    <ClInclude Include="include\auto\MogreManualObject.h">
      <Filter>OgreMain\Header Files</Filter>
    </ClInclude>
    <ClInclude Include="include\auto\MogreMaterial.h">
      <Filter>OgreMain\Header Files</Filter>
    </ClInclude>
    <ClInclude Include="include\auto\MogreMaterialManager.h">
      <Filter>OgreMain\Header Files</Filter>
    </ClInclude>
    <ClInclude Include="include\auto\MogreMaterialSerializer.h">
      <Filter>OgreMain\Header Files</Filter>
    </ClInclude>
    <ClInclude Include="include\auto\MogreMesh.h">
      <Filter>OgreMain\Header Files</Filter>
    </ClInclude>
    <ClInclude Include="include\auto\MogreMeshManager.h">
      <Filter>OgreMain\Header Files</Filter>
    </ClInclude>
    <ClInclude Include="include\auto\MogreMeshSerializer.h">
      <Filter>OgreMain\Header Files</Filter>
    </ClInclude>
    <ClInclude Include="include\auto\MogreMovableObject.h">
      <Filter>OgreMain\Header Files</Filter>
    </ClInclude>
    <ClInclude Include="include\auto\MogreMovablePlane.h">
      <Filter>OgreMain\Header Files</Filter>
    </ClInclude>
    <ClInclude Include="include\auto\MogreNode.h">
      <Filter>OgreMain\Header Files</Filter>
    </ClInclude>
    <ClInclude Include="include\auto\MogreNumerics.h">
      <Filter>OgreMain\Header Files</Filter>
    </ClInclude>
    <ClInclude Include="include\auto\MogreOverlay.h">
      <Filter>OgreMain\Header Files</Filter>
    </ClInclude>
    <ClInclude Include="include\auto\MogreOverlayContainer.h">
      <Filter>OgreMain\Header Files</Filter>
    </ClInclude>
    <ClInclude Include="include\auto\MogreOverlayElement.h">
      <Filter>OgreMain\Header Files</Filter>
    </ClInclude>
    <ClInclude Include="include\auto\MogreOverlayElementFactory.h">
      <Filter>OgreMain\Header Files</Filter>
    </ClInclude>
    <ClInclude Include="include\auto\MogreOverlayManager.h">
      <Filter>OgreMain\Header Files</Filter>
    </ClInclude>
    <ClInclude Include="include\auto\MogrePanelOverlayElement.h">
      <Filter>OgreMain\Header Files</Filter>
    </ClInclude>
    <ClInclude Include="include\auto\MogreParticle.h">
      <Filter>OgreMain\Header Files</Filter>
    </ClInclude>
    <ClInclude Include="include\auto\MogreParticleAffector.h">
      <Filter>OgreMain\Header Files</Filter>
    </ClInclude>
    <ClInclude Include="include\auto\MogreParticleAffectorFactory.h">
      <Filter>OgreMain\Header Files</Filter>
    </ClInclude>
    <ClInclude Include="include\auto\MogreParticleEmitter.h">
      <Filter>OgreMain\Header Files</Filter>
    </ClInclude>
    <ClInclude Include="include\auto\MogreParticleEmitterFactory.h">
      <Filter>OgreMain\Header Files</Filter>
    </ClInclude>
    <ClInclude Include="include\auto\MogreParticleIterator.h">
      <Filter>OgreMain\Header Files</Filter>
    </ClInclude>
    <ClInclude Include="include\auto\MogreParticleSystem.h">
      <Filter>OgreMain\Header Files</Filter>
    </ClInclude>
    <ClInclude Include="include\auto\MogreParticleSystemManager.h">
      <Filter>OgreMain\Header Files</Filter>
    </ClInclude>
    <ClInclude Include="include\auto\MogreParticleSystemRenderer.h">
      <Filter>OgreMain\Header Files</Filter>
    </ClInclude>
    <ClInclude Include="include\auto\MogrePass.h">
      <Filter>OgreMain\Header Files</Filter>
    </ClInclude>
    <ClInclude Include="include\auto\MogrePatchMesh.h">
      <Filter>OgreMain\Header Files</Filter>
    </ClInclude>
    <ClInclude Include="include\auto\MogrePatchSurface.h">
      <Filter>OgreMain\Header Files</Filter>
    </ClInclude>
    <ClInclude Include="include\auto\MogrePixelCountLodStrategy.h">
      <Filter>OgreMain\Header Files</Filter>
    </ClInclude>
    <ClInclude Include="include\auto\MogrePixelFormat.h">
      <Filter>OgreMain\Header Files</Filter>
    </ClInclude>
    <ClInclude Include="include\auto\MogrePlane.h">
      <Filter>OgreMain\Header Files</Filter>
    </ClInclude>
    <ClInclude Include="include\auto\MogrePlaneBoundedVolume.h">
      <Filter>OgreMain\Header Files</Filter>
    </ClInclude>
    <ClInclude Include="include\auto\MogrePlatform.h">
      <Filter>OgreMain\Header Files</Filter>
    </ClInclude>
    <ClInclude Include="include\auto\MogrePlugin.h">
      <Filter>OgreMain\Header Files</Filter>
    </ClInclude>
    <ClInclude Include="include\auto\MogrePose.h">
      <Filter>OgreMain\Header Files</Filter>
    </ClInclude>
    <ClInclude Include="include\auto\MogrePrerequisites.h">
      <Filter>OgreMain\Header Files</Filter>
    </ClInclude>
    <ClInclude Include="include\auto\MogreProfiler.h">
      <Filter>OgreMain\Header Files</Filter>
    </ClInclude>
    <ClInclude Include="include\auto\MogreProgressiveMesh.h">
      <Filter>OgreMain\Header Files</Filter>
    </ClInclude>
    <ClInclude Include="include\auto\MogrePVRTCCodec.h">
      <Filter>OgreMain\Header Files</Filter>
    </ClInclude>
    <ClInclude Include="include\auto\MogreRectangle2D.h">
      <Filter>OgreMain\Header Files</Filter>
    </ClInclude>
    <ClInclude Include="include\auto\MogreRenderable.h">
      <Filter>OgreMain\Header Files</Filter>
    </ClInclude>
    <ClInclude Include="include\auto\MogreRenderObjectListener.h">
      <Filter>OgreMain\Header Files</Filter>
    </ClInclude>
    <ClInclude Include="include\auto\MogreRenderOperation.h">
      <Filter>OgreMain\Header Files</Filter>
    </ClInclude>
    <ClInclude Include="include\auto\MogreRenderQueue.h">
      <Filter>OgreMain\Header Files</Filter>
    </ClInclude>
    <ClInclude Include="include\auto\MogreRenderQueueInvocation.h">
      <Filter>OgreMain\Header Files</Filter>
    </ClInclude>
    <ClInclude Include="include\auto\MogreRenderQueueListener.h">
      <Filter>OgreMain\Header Files</Filter>
    </ClInclude>
    <ClInclude Include="include\auto\MogreRenderQueueSortingGrouping.h">
      <Filter>OgreMain\Header Files</Filter>
    </ClInclude>
    <ClInclude Include="include\auto\MogreRenderSystem.h">
      <Filter>OgreMain\Header Files</Filter>
    </ClInclude>
    <ClInclude Include="include\auto\MogreRenderSystemCapabilities.h">
      <Filter>OgreMain\Header Files</Filter>
    </ClInclude>
    <ClInclude Include="include\auto\MogreRenderSystemCapabilitiesManager.h">
      <Filter>OgreMain\Header Files</Filter>
    </ClInclude>
    <ClInclude Include="include\auto\MogreRenderTarget.h">
      <Filter>OgreMain\Header Files</Filter>
    </ClInclude>
    <ClInclude Include="include\auto\MogreRenderTargetListener.h">
      <Filter>OgreMain\Header Files</Filter>
    </ClInclude>
    <ClInclude Include="include\auto\MogreRenderTexture.h">
      <Filter>OgreMain\Header Files</Filter>
    </ClInclude>
    <ClInclude Include="include\auto\MogreRenderToVertexBuffer.h">
      <Filter>OgreMain\Header Files</Filter>
    </ClInclude>
    <ClInclude Include="include\auto\MogreRenderWindow.h">
      <Filter>OgreMain\Header Files</Filter>
    </ClInclude>
    <ClInclude Include="include\auto\MogreResource.h">
      <Filter>OgreMain\Header Files</Filter>
    </ClInclude>
    <ClInclude Include="include\auto\MogreResourceBackgroundQueue.h">
      <Filter>OgreMain\Header Files</Filter>
    </ClInclude>
    <ClInclude Include="include\auto\MogreResourceGroupManager.h">
      <Filter>OgreMain\Header Files</Filter>
    </ClInclude>
    <ClInclude Include="include\auto\MogreResourceManager.h">
      <Filter>OgreMain\Header Files</Filter>
    </ClInclude>
    <ClInclude Include="include\auto\MogreRibbonTrail.h">
      <Filter>OgreMain\Header Files</Filter>
    </ClInclude>
    <ClInclude Include="include\auto\MogreRoot.h">
      <Filter>OgreMain\Header Files</Filter>
    </ClInclude>
    <ClInclude Include="include\auto\MogreRotationalSpline.h">
      <Filter>OgreMain\Header Files</Filter>
    </ClInclude>
    <ClInclude Include="include\auto\MogreSceneManager.h">
      <Filter>OgreMain\Header Files</Filter>
    </ClInclude>
    <ClInclude Include="include\auto\MogreSceneManagerEnumerator.h">
      <Filter>OgreMain\Header Files</Filter>
    </ClInclude>
    <ClInclude Include="include\auto\MogreSceneNode.h">
      <Filter>OgreMain\Header Files</Filter>
    </ClInclude>
    <ClInclude Include="include\auto\MogreSceneQuery.h">
      <Filter>OgreMain\Header Files</Filter>
    </ClInclude>
    <ClInclude Include="include\auto\MogreSerializer.h">
      <Filter>OgreMain\Header Files</Filter>
    </ClInclude>
    <ClInclude Include="include\auto\MogreShadowCameraSetup.h">
      <Filter>OgreMain\Header Files</Filter>
    </ClInclude>
    <ClInclude Include="include\auto\MogreShadowCameraSetupFocused.h">
      <Filter>OgreMain\Header Files</Filter>
    </ClInclude>
    <ClInclude Include="include\auto\MogreShadowCameraSetupLiSPSM.h">
      <Filter>OgreMain\Header Files</Filter>
    </ClInclude>
    <ClInclude Include="include\auto\MogreShadowCameraSetupPlaneOptimal.h">
      <Filter>OgreMain\Header Files</Filter>
    </ClInclude>
    <ClInclude Include="include\auto\MogreShadowCameraSetupPSSM.h">
      <Filter>OgreMain\Header Files</Filter>
    </ClInclude>
    <ClInclude Include="include\auto\MogreShadowCaster.h">
      <Filter>OgreMain\Header Files</Filter>
    </ClInclude>
    <ClInclude Include="include\auto\MogreShadowTextureManager.h">
      <Filter>OgreMain\Header Files</Filter>
    </ClInclude>
    <ClInclude Include="include\auto\MogreSimpleRenderable.h">
      <Filter>OgreMain\Header Files</Filter>
    </ClInclude>
    <ClInclude Include="include\auto\MogreSimpleSpline.h">
      <Filter>OgreMain\Header Files</Filter>
    </ClInclude>
    <ClInclude Include="include\auto\MogreSkeleton.h">
      <Filter>OgreMain\Header Files</Filter>
    </ClInclude>
    <ClInclude Include="include\auto\MogreSkeletonInstance.h">
      <Filter>OgreMain\Header Files</Filter>
    </ClInclude>
    <ClInclude Include="include\auto\MogreSkeletonManager.h">
      <Filter>OgreMain\Header Files</Filter>
    </ClInclude>
    <ClInclude Include="include\auto\MogreSkeletonSerializer.h">
      <Filter>OgreMain\Header Files</Filter>
    </ClInclude>
    <ClInclude Include="include\auto\MogreStaticGeometry.h">
      <Filter>OgreMain\Header Files</Filter>
    </ClInclude>
    <ClInclude Include="include\auto\MogreString.h">
      <Filter>OgreMain\Header Files</Filter>
    </ClInclude>
    <ClInclude Include="include\auto\MogreStringConverter.h">
      <Filter>OgreMain\Header Files</Filter>
    </ClInclude>
    <ClInclude Include="include\auto\MogreStringInterface.h">
      <Filter>OgreMain\Header Files</Filter>
    </ClInclude>
    <ClInclude Include="include\auto\MogreStringVector.h">
      <Filter>OgreMain\Header Files</Filter>
    </ClInclude>
    <ClInclude Include="include\auto\MogreSubEntity.h">
      <Filter>OgreMain\Header Files</Filter>
    </ClInclude>
    <ClInclude Include="include\auto\MogreSubMesh.h">
      <Filter>OgreMain\Header Files</Filter>
    </ClInclude>
    <ClInclude Include="include\auto\MogreTagPoint.h">
      <Filter>OgreMain\Header Files</Filter>
    </ClInclude>
    <ClInclude Include="include\auto\MogreTechnique.h">
      <Filter>OgreMain\Header Files</Filter>
    </ClInclude>
    <ClInclude Include="include\auto\MogreTextAreaOverlayElement.h">
      <Filter>OgreMain\Header Files</Filter>
    </ClInclude>
    <ClInclude Include="include\auto\MogreTexture.h">
      <Filter>OgreMain\Header Files</Filter>
    </ClInclude>
    <ClInclude Include="include\auto\MogreTextureManager.h">
      <Filter>OgreMain\Header Files</Filter>
    </ClInclude>
    <ClInclude Include="include\auto\MogreTextureUnitState.h">
      <Filter>OgreMain\Header Files</Filter>
    </ClInclude>
    <ClInclude Include="include\auto\MogreUnifiedHighLevelGpuProgram.h">
      <Filter>OgreMain\Header Files</Filter>
    </ClInclude>
    <ClInclude Include="include\auto\MogreUserObjectBindings.h">
      <Filter>OgreMain\Header Files</Filter>
    </ClInclude>
    <ClInclude Include="include\auto\MogreVertexBoneAssignment.h">
      <Filter>OgreMain\Header Files</Filter>
    </ClInclude>
    <ClInclude Include="include\auto\MogreVertexIndexData.h">
      <Filter>OgreMain\Header Files</Filter>
    </ClInclude>
    <ClInclude Include="include\auto\MogreViewport.h">
      <Filter>OgreMain\Header Files</Filter>
    </ClInclude>
    <ClInclude Include="include\auto\Mogre-WIN32_OgreTimerImp.h">
      <Filter>OgreMain\Header Files</Filter>
    </ClInclude>
    <ClInclude Include="include\auto\MogreWindowEventUtilities.h">
      <Filter>OgreMain\Header Files</Filter>
    </ClInclude>
    <ClInclude Include="include\auto\MogreWireBoundingBox.h">
      <Filter>OgreMain\Header Files</Filter>
    </ClInclude>
    <ClInclude Include="include\auto\MogreZip.h">
      <Filter>OgreMain\Header Files</Filter>
    </ClInclude>
    <ClInclude Include="include\auto\PreDeclarations.h">
      <Filter>OgreMain\Header Files</Filter>
    </ClInclude>
    <ClInclude Include="include\auto\MogreStreamSerialiser.h">
      <Filter>OgreMain\Header Files</Filter>
    </ClInclude>
    <ClInclude Include="include\auto\MogreWorkQueue.h">
      <Filter>OgreMain\Header Files</Filter>
    </ClInclude>
  </ItemGroup>
  <ItemGroup>
    <None Include="include\Custom\MogreVertexElement.i">
      <Filter>Custom\Header Files</Filter>
    </None>
    <None Include="include\auto\CLRObjects.inc">
      <Filter>OgreMain\Header Files</Filter>
    </None>
  </ItemGroup>
</Project>