<?xml version="1.0" encoding="utf-8"?>
<Project ToolsVersion="4.0" xmlns="http://schemas.microsoft.com/developer/msbuild/2003">
  <ItemGroup>
    <ClCompile Include="src\AssemblyInfo.cpp">
      <Filter>Source Files</Filter>
    </ClCompile>
    <ClCompile Include="src\FileSystemLayer.cpp">
      <Filter>Source Files</Filter>
    </ClCompile>
    <ClCompile Include="src\Marshalling.cpp">
      <Filter>Source Files</Filter>
    </ClCompile>
    <ClCompile Include="src\stdafx.cpp">
      <Filter>Source Files</Filter>
    </ClCompile>
    <ClCompile Include="src\Custom\ManagedDataStream.cpp">
      <Filter>Source Files\Custom</Filter>
    </ClCompile>
    <ClCompile Include="src\MogreDataStream.cpp">
      <Filter>Source Files</Filter>
    </ClCompile>
    <ClCompile Include="src\MogreConfigFile.cpp">
      <Filter>Source Files</Filter>
    </ClCompile>
    <ClCompile Include="src\MogreStringVector.cpp">
      <Filter>Source Files</Filter>
    </ClCompile>
    <ClCompile Include="src\MogreRenderSystem.cpp">
      <Filter>Source Files</Filter>
    </ClCompile>
    <ClCompile Include="src\MogreRoot.cpp">
      <Filter>Source Files</Filter>
    </ClCompile>
    <ClCompile Include="src\MogreFrameListener.cpp">
      <Filter>Source Files</Filter>
    </ClCompile>
    <ClCompile Include="src\MogreRenderTarget.cpp">
      <Filter>Source Files</Filter>
    </ClCompile>
    <ClCompile Include="src\MogreRenderWindow.cpp">
      <Filter>Source Files</Filter>
    </ClCompile>
    <ClCompile Include="src\MogreResourceGroupManager.cpp">
      <Filter>Source Files</Filter>
    </ClCompile>
    <ClCompile Include="src\MogreResource.cpp">
      <Filter>Source Files</Filter>
    </ClCompile>
    <ClCompile Include="src\MogreSceneManager.cpp">
      <Filter>Source Files</Filter>
    </ClCompile>
    <ClCompile Include="src\MogrePlatformInformation.cpp">
      <Filter>Source Files</Filter>
    </ClCompile>
    <ClCompile Include="src\MogreCamera.cpp">
      <Filter>Source Files</Filter>
    </ClCompile>
    <ClCompile Include="src\MogreFrustum.cpp">
      <Filter>Source Files</Filter>
    </ClCompile>
    <ClCompile Include="src\MogreMovableObject.cpp">
      <Filter>Source Files</Filter>
    </ClCompile>
    <ClCompile Include="src\MogreCompositorManager2.cpp">
      <Filter>Source Files</Filter>
    </ClCompile>
    <ClCompile Include="src\MogreEntity.cpp">
      <Filter>Source Files</Filter>
    </ClCompile>
    <ClCompile Include="src\MogreNode.cpp">
      <Filter>Source Files</Filter>
    </ClCompile>
    <ClCompile Include="src\MogreSceneNode.cpp">
      <Filter>Source Files</Filter>
    </ClCompile>
    <ClCompile Include="src\MogreBillboardChain.cpp">
      <Filter>Source Files</Filter>
    </ClCompile>
    <ClCompile Include="src\MogreBillboardSet.cpp">
      <Filter>Source Files</Filter>
    </ClCompile>
    <ClCompile Include="src\MogreLight.cpp">
      <Filter>Source Files</Filter>
    </ClCompile>
    <ClCompile Include="src\MogreParticleSystem.cpp">
      <Filter>Source Files</Filter>
    </ClCompile>
    <ClCompile Include="src\MogreRibbonTrail.cpp">
      <Filter>Source Files</Filter>
    </ClCompile>
    <ClCompile Include="src\MogreLog.cpp">
      <Filter>Source Files</Filter>
    </ClCompile>
    <ClCompile Include="src\MogreLogManager.cpp">
      <Filter>Source Files</Filter>
    </ClCompile>
    <ClCompile Include="src\MogreRTShaderSystem.cpp">
      <Filter>Source Files</Filter>
    </ClCompile>
    <ClCompile Include="src\MogreResourceManager.cpp">
      <Filter>Source Files</Filter>
    </ClCompile>
    <ClCompile Include="src\MogreGpuProgramManager.cpp">
      <Filter>Source Files</Filter>
    </ClCompile>
    <ClCompile Include="src\MogreTextureManager.cpp">
      <Filter>Source Files</Filter>
    </ClCompile>
    <ClCompile Include="src\MogrePixelFormat.cpp">
      <Filter>Source Files</Filter>
    </ClCompile>
    <ClCompile Include="src\MogreMeshManager.cpp">
      <Filter>Source Files</Filter>
    </ClCompile>
    <ClCompile Include="src\MogreViewport.cpp">
      <Filter>Source Files</Filter>
    </ClCompile>
    <ClCompile Include="src\MogrePixelBox.cpp">
      <Filter>Source Files</Filter>
    </ClCompile>
    <ClCompile Include="src\MogreAnimation.cpp">
      <Filter>Source Files</Filter>
    </ClCompile>
    <ClCompile Include="src\MogreHardwareBuffer.cpp">
      <Filter>Source Files</Filter>
    </ClCompile>
    <ClCompile Include="src\MogreStringConverter.cpp">
      <Filter>Source Files</Filter>
    </ClCompile>
    <ClCompile Include="src\MogreMaterialManager.cpp">
      <Filter>Source Files</Filter>
    </ClCompile>
    <ClCompile Include="src\MogreManualObject.cpp">
      <Filter>Source Files</Filter>
    </ClCompile>
  </ItemGroup>
  <ItemGroup>
    <ClInclude Include="include\FileSystemLayer.h">
      <Filter>Header Files</Filter>
    </ClInclude>
    <ClInclude Include="include\IteratorWrapper.h">
      <Filter>Header Files</Filter>
    </ClInclude>
    <ClInclude Include="include\Marshalling.h">
      <Filter>Header Files</Filter>
    </ClInclude>
    <ClInclude Include="include\stdafx.h">
      <Filter>Header Files</Filter>
    </ClInclude>
    <ClInclude Include="include\STLContainerWrappers.h">
      <Filter>Header Files</Filter>
    </ClInclude>
    <ClInclude Include="include\STLDeque.h">
      <Filter>Header Files</Filter>
    </ClInclude>
    <ClInclude Include="include\STLHashedVector.h">
      <Filter>Header Files</Filter>
    </ClInclude>
    <ClInclude Include="include\STLHashMap.h">
      <Filter>Header Files</Filter>
    </ClInclude>
    <ClInclude Include="include\STLList.h">
      <Filter>Header Files</Filter>
    </ClInclude>
    <ClInclude Include="include\STLMap.h">
      <Filter>Header Files</Filter>
    </ClInclude>
    <ClInclude Include="include\STLMultiMap.h">
      <Filter>Header Files</Filter>
    </ClInclude>
    <ClInclude Include="include\STLMultiSet.h">
      <Filter>Header Files</Filter>
    </ClInclude>
    <ClInclude Include="include\STLSet.h">
      <Filter>Header Files</Filter>
    </ClInclude>
    <ClInclude Include="include\STLVector.h">
      <Filter>Header Files</Filter>
    </ClInclude>
    <ClInclude Include="include\Custom\MogrePair.h">
      <Filter>Header Files\Custom</Filter>
    </ClInclude>
    <ClInclude Include="include\Custom\ManagedDataStream.h">
      <Filter>Header Files\Custom</Filter>
    </ClInclude>
    <ClInclude Include="include\MogreDataStream.h">
      <Filter>Header Files</Filter>
    </ClInclude>
    <ClInclude Include="include\MogreConfigFile.h">
      <Filter>Header Files</Filter>
    </ClInclude>
    <ClInclude Include="include\MogreStringVector.h">
      <Filter>Header Files</Filter>
    </ClInclude>
    <ClInclude Include="include\MogreRenderSystem.h">
      <Filter>Header Files</Filter>
    </ClInclude>
    <ClInclude Include="include\MogreRoot.h">
      <Filter>Header Files</Filter>
    </ClInclude>
    <ClInclude Include="include\MogreFrameListener.h">
      <Filter>Header Files</Filter>
    </ClInclude>
    <ClInclude Include="include\MogreRenderTarget.h">
      <Filter>Header Files</Filter>
    </ClInclude>
    <ClInclude Include="include\MogreRenderWindow.h">
      <Filter>Header Files</Filter>
    </ClInclude>
    <ClInclude Include="include\MogreResourceGroupManager.h">
      <Filter>Header Files</Filter>
    </ClInclude>
    <ClInclude Include="include\MogreCommon.h">
      <Filter>Header Files</Filter>
    </ClInclude>
    <ClInclude Include="include\MogreResource.h">
      <Filter>Header Files</Filter>
    </ClInclude>
    <ClInclude Include="include\MogreStringInterface.h">
      <Filter>Header Files</Filter>
    </ClInclude>
    <ClInclude Include="include\MogreSceneManager.h">
      <Filter>Header Files</Filter>
    </ClInclude>
    <ClInclude Include="include\MogrePlatformInformation.h">
      <Filter>Header Files</Filter>
    </ClInclude>
    <ClInclude Include="include\MogreCamera.h">
      <Filter>Header Files</Filter>
    </ClInclude>
    <ClInclude Include="include\MogreFrustum.h">
      <Filter>Header Files</Filter>
    </ClInclude>
    <ClInclude Include="include\MogreMovableObject.h">
      <Filter>Header Files</Filter>
    </ClInclude>
    <ClInclude Include="include\MogreCompositorManager2.h">
      <Filter>Header Files</Filter>
    </ClInclude>
    <ClInclude Include="include\MogreEntity.h">
      <Filter>Header Files</Filter>
    </ClInclude>
    <ClInclude Include="include\MogreNode.h">
      <Filter>Header Files</Filter>
    </ClInclude>
    <ClInclude Include="include\MogreSceneNode.h">
      <Filter>Header Files</Filter>
    </ClInclude>
    <ClInclude Include="include\MogreBillboardChain.h">
      <Filter>Header Files</Filter>
    </ClInclude>
    <ClInclude Include="include\MogreBillboardSet.h">
      <Filter>Header Files</Filter>
    </ClInclude>
    <ClInclude Include="include\MogreLight.h">
      <Filter>Header Files</Filter>
    </ClInclude>
    <ClInclude Include="include\MogreParticleSystem.h">
      <Filter>Header Files</Filter>
    </ClInclude>
    <ClInclude Include="include\MogreRibbonTrail.h">
      <Filter>Header Files</Filter>
    </ClInclude>
    <ClInclude Include="include\MogreLog.h">
      <Filter>Header Files</Filter>
    </ClInclude>
    <ClInclude Include="include\MogreLogManager.h">
      <Filter>Header Files</Filter>
    </ClInclude>
    <ClInclude Include="include\MogreRTShaderSystem.h">
      <Filter>Header Files</Filter>
    </ClInclude>
    <ClInclude Include="include\MogreGpuProgramManager.h">
      <Filter>Header Files</Filter>
    </ClInclude>
    <ClInclude Include="include\MogreTextureManager.h">
      <Filter>Header Files</Filter>
    </ClInclude>
    <ClInclude Include="include\MogrePixelFormat.h">
      <Filter>Header Files</Filter>
    </ClInclude>
    <ClInclude Include="include\MogreMeshManager.h">
      <Filter>Header Files</Filter>
    </ClInclude>
    <ClInclude Include="include\MogreViewport.h">
      <Filter>Header Files</Filter>
    </ClInclude>
    <ClInclude Include="include\MogrePixelBox.h">
      <Filter>Header Files</Filter>
    </ClInclude>
    <ClInclude Include="include\MogreAnimation.h">
      <Filter>Header Files</Filter>
    </ClInclude>
    <ClInclude Include="include\MogreStringConverter.h">
      <Filter>Header Files</Filter>
    </ClInclude>
    <ClInclude Include="include\MogreHardwareBuffer.h">
      <Filter>Header Files</Filter>
    </ClInclude>
    <ClInclude Include="include\MogreMaterialManager.h">
      <Filter>Header Files</Filter>
    </ClInclude>
    <ClInclude Include="include\MogreManualObject.h">
      <Filter>Header Files</Filter>
    </ClInclude>
  </ItemGroup>
  <ItemGroup>
    <Filter Include="Source Files">
      <UniqueIdentifier>{daed6c1d-1434-4e66-a44a-f4f0387129c8}</UniqueIdentifier>
    </Filter>
    <Filter Include="Header Files">
      <UniqueIdentifier>{83c27716-a33a-415f-9df5-bbde7e6f70c9}</UniqueIdentifier>
    </Filter>
    <Filter Include="Header Files\Custom">
      <UniqueIdentifier>{51928ffd-a88e-464c-9231-28692d3bdc44}</UniqueIdentifier>
    </Filter>
    <Filter Include="Source Files\Custom">
      <UniqueIdentifier>{234ecd9b-cb28-4c31-8ba7-b53a1031a0dd}</UniqueIdentifier>
    </Filter>
  </ItemGroup>
</Project>