<?xml version="1.0" encoding="utf-8"?>
<Project ToolsVersion="4.0" xmlns="http://schemas.microsoft.com/developer/msbuild/2003">
  <ItemGroup>
    <ClCompile Include="src\AssemblyInfo.cpp">
      <Filter>Source Files</Filter>
    </ClCompile>
    <ClCompile Include="src\Camera.cpp">
      <Filter>Source Files</Filter>
    </ClCompile>
    <ClCompile Include="src\CompositorManager2.cpp">
      <Filter>Source Files</Filter>
    </ClCompile>
    <ClCompile Include="src\FileSystemLayer.cpp">
      <Filter>Source Files</Filter>
    </ClCompile>
    <ClCompile Include="src\ObjectTable.cpp">
      <Filter>Source Files</Filter>
    </ClCompile>
    <ClCompile Include="src\ObjectTable.Disposal.cpp">
      <Filter>Source Files</Filter>
    </ClCompile>
    <ClCompile Include="src\ObjectTable.Get.cpp">
      <Filter>Source Files</Filter>
    </ClCompile>
    <ClCompile Include="src\PlatformInformation.cpp">
      <Filter>Source Files</Filter>
    </ClCompile>
    <ClCompile Include="src\ResourceGroupManager.cpp">
      <Filter>Source Files</Filter>
    </ClCompile>
    <ClCompile Include="src\SceneManager.cpp">
      <Filter>Source Files</Filter>
    </ClCompile>
    <ClCompile Include="src\TextureManager.cpp">
      <Filter>Source Files</Filter>
    </ClCompile>
    <ClCompile Include="src\Marshalling.cpp">
      <Filter>Source Files</Filter>
    </ClCompile>
    <ClCompile Include="src\stdafx.cpp">
      <Filter>Source Files</Filter>
    </ClCompile>
    <ClCompile Include="src\Custom\ManagedDataStream.cpp">
      <Filter>Source Files\Custom</Filter>
    </ClCompile>
    <ClCompile Include="src\MogreDataStream.cpp">
      <Filter>Source Files</Filter>
    </ClCompile>
    <ClCompile Include="src\MogreConfigFile.cpp">
      <Filter>Source Files</Filter>
    </ClCompile>
    <ClCompile Include="src\MogreStringVector.cpp">
      <Filter>Source Files</Filter>
    </ClCompile>
    <ClCompile Include="src\MogreRenderSystem.cpp">
      <Filter>Source Files</Filter>
    </ClCompile>
    <ClCompile Include="src\MogreRoot.cpp">
      <Filter>Source Files</Filter>
    </ClCompile>
    <ClCompile Include="src\MogreFrameListener.cpp">
      <Filter>Source Files</Filter>
    </ClCompile>
    <ClCompile Include="src\MogreRenderTarget.cpp">
      <Filter>Source Files</Filter>
    </ClCompile>
    <ClCompile Include="src\MogreRenderWindow.cpp">
      <Filter>Source Files</Filter>
    </ClCompile>
    <ClCompile Include="src\MogreResourceGroupManager.cpp">
      <Filter>Source Files</Filter>
    </ClCompile>
    <ClCompile Include="src\MogreResource.cpp">
      <Filter>Source Files</Filter>
    </ClCompile>
  </ItemGroup>
  <ItemGroup>
    <ClInclude Include="include\FileSystemLayer.h">
      <Filter>Header Files</Filter>
    </ClInclude>
    <ClInclude Include="include\IDisposable.h">
      <Filter>Header Files</Filter>
    </ClInclude>
    <ClInclude Include="include\IteratorWrapper.h">
      <Filter>Header Files</Filter>
    </ClInclude>
    <ClInclude Include="include\Marshalling.h">
      <Filter>Header Files</Filter>
    </ClInclude>
    <ClInclude Include="include\ObjectTable.h">
      <Filter>Header Files</Filter>
    </ClInclude>
    <ClInclude Include="include\ObjectTableEventArgs.h">
      <Filter>Header Files</Filter>
    </ClInclude>
    <ClInclude Include="include\ObjectTableOwnershipType.h">
      <Filter>Header Files</Filter>
    </ClInclude>
    <ClInclude Include="include\stdafx.h">
      <Filter>Header Files</Filter>
    </ClInclude>
    <ClInclude Include="include\STLContainerWrappers.h">
      <Filter>Header Files</Filter>
    </ClInclude>
    <ClInclude Include="include\STLDeque.h">
      <Filter>Header Files</Filter>
    </ClInclude>
    <ClInclude Include="include\STLHashedVector.h">
      <Filter>Header Files</Filter>
    </ClInclude>
    <ClInclude Include="include\STLHashMap.h">
      <Filter>Header Files</Filter>
    </ClInclude>
    <ClInclude Include="include\STLList.h">
      <Filter>Header Files</Filter>
    </ClInclude>
    <ClInclude Include="include\STLMap.h">
      <Filter>Header Files</Filter>
    </ClInclude>
    <ClInclude Include="include\STLMultiMap.h">
      <Filter>Header Files</Filter>
    </ClInclude>
    <ClInclude Include="include\STLMultiSet.h">
      <Filter>Header Files</Filter>
    </ClInclude>
    <ClInclude Include="include\STLSet.h">
      <Filter>Header Files</Filter>
    </ClInclude>
    <ClInclude Include="include\STLVector.h">
      <Filter>Header Files</Filter>
    </ClInclude>
    <ClInclude Include="include\Custom\MogrePair.h">
      <Filter>Header Files\Custom</Filter>
    </ClInclude>
    <ClInclude Include="include\Custom\ManagedDataStream.h">
      <Filter>Header Files\Custom</Filter>
    </ClInclude>
    <ClInclude Include="include\MogreDataStream.h">
      <Filter>Header Files</Filter>
    </ClInclude>
    <ClInclude Include="include\MogreConfigFile.h">
      <Filter>Header Files</Filter>
    </ClInclude>
    <ClInclude Include="include\MogreStringVector.h">
      <Filter>Header Files</Filter>
    </ClInclude>
    <ClInclude Include="include\MogreRenderSystem.h">
      <Filter>Header Files</Filter>
    </ClInclude>
    <ClInclude Include="include\MogreRoot.h">
      <Filter>Header Files</Filter>
    </ClInclude>
    <ClInclude Include="include\MogreFrameListener.h">
      <Filter>Header Files</Filter>
    </ClInclude>
    <ClInclude Include="include\MogreRenderTarget.h">
      <Filter>Header Files</Filter>
    </ClInclude>
    <ClInclude Include="include\MogreRenderWindow.h">
      <Filter>Header Files</Filter>
    </ClInclude>
    <ClInclude Include="include\MogreResourceGroupManager.h">
      <Filter>Header Files</Filter>
    </ClInclude>
    <ClInclude Include="include\MogreCommon.h">
      <Filter>Header Files</Filter>
    </ClInclude>
    <ClInclude Include="include\MogreResource.h">
      <Filter>Header Files</Filter>
    </ClInclude>
    <ClInclude Include="include\MogreStringInterface.h">
      <Filter>Header Files</Filter>
    </ClInclude>
  </ItemGroup>
  <ItemGroup>
    <Filter Include="Source Files">
      <UniqueIdentifier>{daed6c1d-1434-4e66-a44a-f4f0387129c8}</UniqueIdentifier>
    </Filter>
    <Filter Include="Header Files">
      <UniqueIdentifier>{83c27716-a33a-415f-9df5-bbde7e6f70c9}</UniqueIdentifier>
    </Filter>
    <Filter Include="Header Files\Custom">
      <UniqueIdentifier>{51928ffd-a88e-464c-9231-28692d3bdc44}</UniqueIdentifier>
    </Filter>
    <Filter Include="Source Files\Custom">
      <UniqueIdentifier>{234ecd9b-cb28-4c31-8ba7-b53a1031a0dd}</UniqueIdentifier>
    </Filter>
  </ItemGroup>
</Project>